
Microsoft Visual Studio Solution File, Format Version 12.00
# Visual Studio 15
VisualStudioVersion = 15.0.28010.2041
MinimumVisualStudioVersion = 10.0.40219.1
Project("{9A19103F-16F7-4668-BE54-9A1E7A4F7556}") = "PSBase", "PSBase\PSBase.csproj", "{79140D1F-4CE6-4D77-BB85-F3BD1A6CFFEB}"
EndProject
Project("{FAE04EC0-301F-11D3-BF4B-00C04F79EFBC}") = "PSBase.Tests", "PSBase.Tests\PSBase.Tests.csproj", "{0D326C16-E76C-41FD-A9E5-0E9F32184983}"
EndProject
Project("{FAE04EC0-301F-11D3-BF4B-00C04F79EFBC}") = "SmugUp", "SmugUp\SmugUp.csproj", "{F7683141-85FB-46D0-879B-64A5D4BB8C78}"
EndProject
Global
	GlobalSection(SolutionConfigurationPlatforms) = preSolution
		Debug|Any CPU = Debug|Any CPU
		Release|Any CPU = Release|Any CPU
	EndGlobalSection
	GlobalSection(ProjectConfigurationPlatforms) = postSolution
		{79140D1F-4CE6-4D77-BB85-F3BD1A6CFFEB}.Debug|Any CPU.ActiveCfg = Debug|Any CPU
		{79140D1F-4CE6-4D77-BB85-F3BD1A6CFFEB}.Debug|Any CPU.Build.0 = Debug|Any CPU
		{79140D1F-4CE6-4D77-BB85-F3BD1A6CFFEB}.Release|Any CPU.ActiveCfg = Release|Any CPU
		{79140D1F-4CE6-4D77-BB85-F3BD1A6CFFEB}.Release|Any CPU.Build.0 = Release|Any CPU
		{0D326C16-E76C-41FD-A9E5-0E9F32184983}.Debug|Any CPU.ActiveCfg = Debug|Any CPU
		{0D326C16-E76C-41FD-A9E5-0E9F32184983}.Debug|Any CPU.Build.0 = Debug|Any CPU
		{0D326C16-E76C-41FD-A9E5-0E9F32184983}.Release|Any CPU.ActiveCfg = Release|Any CPU
		{0D326C16-E76C-41FD-A9E5-0E9F32184983}.Release|Any CPU.Build.0 = Release|Any CPU
		{F7683141-85FB-46D0-879B-64A5D4BB8C78}.Debug|Any CPU.ActiveCfg = Debug|Any CPU
		{F7683141-85FB-46D0-879B-64A5D4BB8C78}.Debug|Any CPU.Build.0 = Debug|Any CPU
		{F7683141-85FB-46D0-879B-64A5D4BB8C78}.Release|Any CPU.ActiveCfg = Release|Any CPU
		{F7683141-85FB-46D0-879B-64A5D4BB8C78}.Release|Any CPU.Build.0 = Release|Any CPU
	EndGlobalSection
	GlobalSection(SolutionProperties) = preSolution
		HideSolutionNode = FALSE
	EndGlobalSection
	GlobalSection(ExtensibilityGlobals) = postSolution
		SolutionGuid = {B003C90E-D13A-47D0-937F-8B943C24049F}
	EndGlobalSection
EndGlobal
